
Microsoft Visual Studio Solution File, Format Version 12.00
# Visual Studio Version 17
VisualStudioVersion = 17.0.32014.148
MinimumVisualStudioVersion = 10.0.40219.1
Project("{FAE04EC0-301F-11D3-BF4B-00C04F79EFBC}") = "Vocabook", "Vocabook\Vocabook.csproj", "{5392E9F6-8571-4889-8BBF-86E01C1DE347}"
EndProject
Global
	GlobalSection(SolutionConfigurationPlatforms) = preSolution
		Debug|Any CPU = Debug|Any CPU
		Release|Any CPU = Release|Any CPU
	EndGlobalSection
	GlobalSection(ProjectConfigurationPlatforms) = postSolution
		{5392E9F6-8571-4889-8BBF-86E01C1DE347}.Debug|Any CPU.ActiveCfg = Debug|Any CPU
		{5392E9F6-8571-4889-8BBF-86E01C1DE347}.Debug|Any CPU.Build.0 = Debug|Any CPU
		{5392E9F6-8571-4889-8BBF-86E01C1DE347}.Release|Any CPU.ActiveCfg = Release|Any CPU
		{5392E9F6-8571-4889-8BBF-86E01C1DE347}.Release|Any CPU.Build.0 = Release|Any CPU
	EndGlobalSection
	GlobalSection(SolutionProperties) = preSolution
		HideSolutionNode = FALSE
	EndGlobalSection
	GlobalSection(ExtensibilityGlobals) = postSolution
		SolutionGuid = {A5AE36DA-C496-4CCF-8188-1E9CE3F3E222}
	EndGlobalSection
EndGlobal
